// !$*UTF8*$!
{
	archiveVersion = 1;
	classes = {
	};
	objectVersion = 56;
	objects = {

/* Begin PBXBuildFile section */
		061510F92929420E0046A13C /* 13023_ABCDE.swift in Sources */ = {isa = PBXBuildFile; fileRef = 061510F82929420E0046A13C /* 13023_ABCDE.swift */; };
		061510FB292A86380046A13C /* 1699_제곱수의합.swift in Sources */ = {isa = PBXBuildFile; fileRef = 061510FA292A86380046A13C /* 1699_제곱수의합.swift */; };
		06227ACD293E518E00525F8A /* 2447_별찍기10.swift in Sources */ = {isa = PBXBuildFile; fileRef = 06227ACC293E518E00525F8A /* 2447_별찍기10.swift */; };
		0628A1A929B76760002A2709 /* 2606_바이러스.swift in Sources */ = {isa = PBXBuildFile; fileRef = 0628A1A829B76760002A2709 /* 2606_바이러스.swift */; };
		0628A1AB29B7691F002A2709 /* 1012_유기농배추.swift in Sources */ = {isa = PBXBuildFile; fileRef = 0628A1AA29B7691F002A2709 /* 1012_유기농배추.swift */; };
		0628A1BC29BA26A7002A2709 /* 15649_N과M(1).swift in Sources */ = {isa = PBXBuildFile; fileRef = 0628A1BB29BA26A7002A2709 /* 15649_N과M(1).swift */; };
		0628A1BE29BA278A002A2709 /* 15650_N과M(2).swift in Sources */ = {isa = PBXBuildFile; fileRef = 0628A1BD29BA278A002A2709 /* 15650_N과M(2).swift */; };
		06365E80291CB7D000CF1D3C /* 2293_동전1.swift in Sources */ = {isa = PBXBuildFile; fileRef = 06365E7F291CB7D000CF1D3C /* 2293_동전1.swift */; };
		06601A01294F6DF9000128C0 /* 2020 BLIND 1번.swift in Sources */ = {isa = PBXBuildFile; fileRef = 06601A00294F6DF9000128C0 /* 2020 BLIND 1번.swift */; };
		06B527EE29195E7300ACFB0D /* 1759_암호만들기.swift in Sources */ = {isa = PBXBuildFile; fileRef = 06B527ED29195E7300ACFB0D /* 1759_암호만들기.swift */; };
		06EB47122917CA8A009804E1 /* main.swift in Sources */ = {isa = PBXBuildFile; fileRef = 06EB47112917CA8A009804E1 /* main.swift */; };
		06EB47392917CAD8009804E1 /* 2108_통계학.swift in Sources */ = {isa = PBXBuildFile; fileRef = 06EB47382917CAD8009804E1 /* 2108_통계학.swift */; };
		06EB473F2917CC8B009804E1 /* 2583_영역구하기.swift in Sources */ = {isa = PBXBuildFile; fileRef = 06EB473E2917CC8B009804E1 /* 2583_영역구하기.swift */; };
		06EB47412917CCA2009804E1 /* 10026_적록색약.swift in Sources */ = {isa = PBXBuildFile; fileRef = 06EB47402917CCA2009804E1 /* 10026_적록색약.swift */; };
		06EB47432917CCCD009804E1 /* 7569_토마토.swift in Sources */ = {isa = PBXBuildFile; fileRef = 06EB47422917CCCD009804E1 /* 7569_토마토.swift */; };
		06EB47452917D24D009804E1 /* 2178_미로탐색.swift in Sources */ = {isa = PBXBuildFile; fileRef = 06EB47442917D24D009804E1 /* 2178_미로탐색.swift */; };
		06EB47492917FE42009804E1 /* 16234_인구이동.swift in Sources */ = {isa = PBXBuildFile; fileRef = 06EB47482917FE42009804E1 /* 16234_인구이동.swift */; };
/* End PBXBuildFile section */

/* Begin PBXCopyFilesBuildPhase section */
		06365E76291CB76600CF1D3C /* CopyFiles */ = {
			isa = PBXCopyFilesBuildPhase;
			buildActionMask = 2147483647;
			dstPath = /usr/share/man/man1/;
			dstSubfolderSpec = 0;
			files = (
			);
			runOnlyForDeploymentPostprocessing = 1;
		};
		066019F6294F6DD0000128C0 /* CopyFiles */ = {
			isa = PBXCopyFilesBuildPhase;
			buildActionMask = 2147483647;
			dstPath = /usr/share/man/man1/;
			dstSubfolderSpec = 0;
			files = (
			);
			runOnlyForDeploymentPostprocessing = 1;
		};
		06B527E429195DED00ACFB0D /* CopyFiles */ = {
			isa = PBXCopyFilesBuildPhase;
			buildActionMask = 2147483647;
			dstPath = /usr/share/man/man1/;
			dstSubfolderSpec = 0;
			files = (
			);
			runOnlyForDeploymentPostprocessing = 1;
		};
		06EB470C2917CA8A009804E1 /* CopyFiles */ = {
			isa = PBXCopyFilesBuildPhase;
			buildActionMask = 2147483647;
			dstPath = /usr/share/man/man1/;
			dstSubfolderSpec = 0;
			files = (
			);
			runOnlyForDeploymentPostprocessing = 1;
		};
		06EB471A2917CA9B009804E1 /* CopyFiles */ = {
			isa = PBXCopyFilesBuildPhase;
			buildActionMask = 2147483647;
			dstPath = /usr/share/man/man1/;
			dstSubfolderSpec = 0;
			files = (
			);
			runOnlyForDeploymentPostprocessing = 1;
		};
		06EB47252917CAAD009804E1 /* CopyFiles */ = {
			isa = PBXCopyFilesBuildPhase;
			buildActionMask = 2147483647;
			dstPath = /usr/share/man/man1/;
			dstSubfolderSpec = 0;
			files = (
			);
			runOnlyForDeploymentPostprocessing = 1;
		};
/* End PBXCopyFilesBuildPhase section */

/* Begin PBXFileReference section */
		061510F82929420E0046A13C /* 13023_ABCDE.swift */ = {isa = PBXFileReference; lastKnownFileType = sourcecode.swift; path = 13023_ABCDE.swift; sourceTree = "<group>"; };
		061510FA292A86380046A13C /* 1699_제곱수의합.swift */ = {isa = PBXFileReference; lastKnownFileType = sourcecode.swift; path = "1699_제곱수의합.swift"; sourceTree = "<group>"; };
		06227ACC293E518E00525F8A /* 2447_별찍기10.swift */ = {isa = PBXFileReference; lastKnownFileType = sourcecode.swift; path = "2447_별찍기10.swift"; sourceTree = "<group>"; };
		0628A1A829B76760002A2709 /* 2606_바이러스.swift */ = {isa = PBXFileReference; lastKnownFileType = sourcecode.swift; path = "2606_바이러스.swift"; sourceTree = "<group>"; };
		0628A1AA29B7691F002A2709 /* 1012_유기농배추.swift */ = {isa = PBXFileReference; lastKnownFileType = sourcecode.swift; path = "1012_유기농배추.swift"; sourceTree = "<group>"; };
		0628A1BB29BA26A7002A2709 /* 15649_N과M(1).swift */ = {isa = PBXFileReference; lastKnownFileType = sourcecode.swift; path = "15649_N과M(1).swift"; sourceTree = "<group>"; };
		0628A1BD29BA278A002A2709 /* 15650_N과M(2).swift */ = {isa = PBXFileReference; lastKnownFileType = sourcecode.swift; path = "15650_N과M(2).swift"; sourceTree = "<group>"; };
		06365E78291CB76600CF1D3C /* DP */ = {isa = PBXFileReference; explicitFileType = "compiled.mach-o.executable"; includeInIndex = 0; path = DP; sourceTree = BUILT_PRODUCTS_DIR; };
		06365E7F291CB7D000CF1D3C /* 2293_동전1.swift */ = {isa = PBXFileReference; lastKnownFileType = sourcecode.swift; path = "2293_동전1.swift"; sourceTree = "<group>"; };
		066019F8294F6DD0000128C0 /* Programmers */ = {isa = PBXFileReference; explicitFileType = "compiled.mach-o.executable"; includeInIndex = 0; path = Programmers; sourceTree = BUILT_PRODUCTS_DIR; };
		06601A00294F6DF9000128C0 /* 2020 BLIND 1번.swift */ = {isa = PBXFileReference; lastKnownFileType = sourcecode.swift; path = "2020 BLIND 1번.swift"; sourceTree = "<group>"; };
		06B527E629195DED00ACFB0D /* Backtracking */ = {isa = PBXFileReference; explicitFileType = "compiled.mach-o.executable"; includeInIndex = 0; path = Backtracking; sourceTree = BUILT_PRODUCTS_DIR; };
		06B527ED29195E7300ACFB0D /* 1759_암호만들기.swift */ = {isa = PBXFileReference; lastKnownFileType = sourcecode.swift; path = "1759_암호만들기.swift"; sourceTree = "<group>"; };
		06EB470E2917CA8A009804E1 /* Algorithm */ = {isa = PBXFileReference; explicitFileType = "compiled.mach-o.executable"; includeInIndex = 0; path = Algorithm; sourceTree = BUILT_PRODUCTS_DIR; };
		06EB47112917CA8A009804E1 /* main.swift */ = {isa = PBXFileReference; lastKnownFileType = sourcecode.swift; path = main.swift; sourceTree = "<group>"; };
		06EB471C2917CA9B009804E1 /* DFS&BFS */ = {isa = PBXFileReference; explicitFileType = "compiled.mach-o.executable"; includeInIndex = 0; path = "DFS&BFS"; sourceTree = BUILT_PRODUCTS_DIR; };
		06EB47272917CAAD009804E1 /* Implementation */ = {isa = PBXFileReference; explicitFileType = "compiled.mach-o.executable"; includeInIndex = 0; path = Implementation; sourceTree = BUILT_PRODUCTS_DIR; };
		06EB47382917CAD8009804E1 /* 2108_통계학.swift */ = {isa = PBXFileReference; lastKnownFileType = sourcecode.swift; path = "2108_통계학.swift"; sourceTree = "<group>"; };
		06EB473E2917CC8B009804E1 /* 2583_영역구하기.swift */ = {isa = PBXFileReference; lastKnownFileType = sourcecode.swift; path = "2583_영역구하기.swift"; sourceTree = "<group>"; };
		06EB47402917CCA2009804E1 /* 10026_적록색약.swift */ = {isa = PBXFileReference; lastKnownFileType = sourcecode.swift; path = "10026_적록색약.swift"; sourceTree = "<group>"; };
		06EB47422917CCCD009804E1 /* 7569_토마토.swift */ = {isa = PBXFileReference; lastKnownFileType = sourcecode.swift; path = "7569_토마토.swift"; sourceTree = "<group>"; };
		06EB47442917D24D009804E1 /* 2178_미로탐색.swift */ = {isa = PBXFileReference; lastKnownFileType = sourcecode.swift; path = "2178_미로탐색.swift"; sourceTree = "<group>"; };
		06EB47482917FE42009804E1 /* 16234_인구이동.swift */ = {isa = PBXFileReference; lastKnownFileType = sourcecode.swift; path = "16234_인구이동.swift"; sourceTree = "<group>"; };
/* End PBXFileReference section */

/* Begin PBXFrameworksBuildPhase section */
		06365E75291CB76600CF1D3C /* Frameworks */ = {
			isa = PBXFrameworksBuildPhase;
			buildActionMask = 2147483647;
			files = (
			);
			runOnlyForDeploymentPostprocessing = 0;
		};
		066019F5294F6DD0000128C0 /* Frameworks */ = {
			isa = PBXFrameworksBuildPhase;
			buildActionMask = 2147483647;
			files = (
			);
			runOnlyForDeploymentPostprocessing = 0;
		};
		06B527E329195DED00ACFB0D /* Frameworks */ = {
			isa = PBXFrameworksBuildPhase;
			buildActionMask = 2147483647;
			files = (
			);
			runOnlyForDeploymentPostprocessing = 0;
		};
		06EB470B2917CA8A009804E1 /* Frameworks */ = {
			isa = PBXFrameworksBuildPhase;
			buildActionMask = 2147483647;
			files = (
			);
			runOnlyForDeploymentPostprocessing = 0;
		};
		06EB47192917CA9B009804E1 /* Frameworks */ = {
			isa = PBXFrameworksBuildPhase;
			buildActionMask = 2147483647;
			files = (
			);
			runOnlyForDeploymentPostprocessing = 0;
		};
		06EB47242917CAAD009804E1 /* Frameworks */ = {
			isa = PBXFrameworksBuildPhase;
			buildActionMask = 2147483647;
			files = (
			);
			runOnlyForDeploymentPostprocessing = 0;
		};
/* End PBXFrameworksBuildPhase section */

/* Begin PBXGroup section */
		06227ACB293E512C00525F8A /* Divide_and_Conquer */ = {
			isa = PBXGroup;
			children = (
				06227ACC293E518E00525F8A /* 2447_별찍기10.swift */,
			);
			path = Divide_and_Conquer;
			sourceTree = "<group>";
		};
		06365E79291CB76600CF1D3C /* DP */ = {
			isa = PBXGroup;
			children = (
				06365E7F291CB7D000CF1D3C /* 2293_동전1.swift */,
				061510FA292A86380046A13C /* 1699_제곱수의합.swift */,
			);
			path = DP;
			sourceTree = "<group>";
		};
		066019F9294F6DD0000128C0 /* Programmers */ = {
			isa = PBXGroup;
			children = (
				066019FF294F6DDD000128C0 /* KAKAO */,
			);
			path = Programmers;
			sourceTree = "<group>";
		};
		066019FF294F6DDD000128C0 /* KAKAO */ = {
			isa = PBXGroup;
			children = (
				06601A00294F6DF9000128C0 /* 2020 BLIND 1번.swift */,
			);
			path = KAKAO;
			sourceTree = "<group>";
		};
		06B527E729195DED00ACFB0D /* Backtracking */ = {
			isa = PBXGroup;
			children = (
				06B527ED29195E7300ACFB0D /* 1759_암호만들기.swift */,
			);
			path = Backtracking;
			sourceTree = "<group>";
		};
		06EB47052917CA8A009804E1 = {
			isa = PBXGroup;
			children = (
				06EB47102917CA8A009804E1 /* Algorithm */,
				06EB47472917D587009804E1 /* BOJ */,
				066019F9294F6DD0000128C0 /* Programmers */,
				06EB470F2917CA8A009804E1 /* Products */,
			);
			sourceTree = "<group>";
		};
		06EB470F2917CA8A009804E1 /* Products */ = {
			isa = PBXGroup;
			children = (
				06EB470E2917CA8A009804E1 /* Algorithm */,
				06EB471C2917CA9B009804E1 /* DFS&BFS */,
				06EB47272917CAAD009804E1 /* Implementation */,
				06B527E629195DED00ACFB0D /* Backtracking */,
				06365E78291CB76600CF1D3C /* DP */,
				066019F8294F6DD0000128C0 /* Programmers */,
			);
			name = Products;
			sourceTree = "<group>";
		};
		06EB47102917CA8A009804E1 /* Algorithm */ = {
			isa = PBXGroup;
			children = (
				06EB47112917CA8A009804E1 /* main.swift */,
			);
			path = Algorithm;
			sourceTree = "<group>";
		};
		06EB471D2917CA9B009804E1 /* DFS&BFS */ = {
			isa = PBXGroup;
			children = (
				06EB473E2917CC8B009804E1 /* 2583_영역구하기.swift */,
				06EB47402917CCA2009804E1 /* 10026_적록색약.swift */,
				06EB47422917CCCD009804E1 /* 7569_토마토.swift */,
				06EB47442917D24D009804E1 /* 2178_미로탐색.swift */,
				06EB47482917FE42009804E1 /* 16234_인구이동.swift */,
				061510F82929420E0046A13C /* 13023_ABCDE.swift */,
				0628A1A829B76760002A2709 /* 2606_바이러스.swift */,
				0628A1AA29B7691F002A2709 /* 1012_유기농배추.swift */,
				0628A1BB29BA26A7002A2709 /* 15649_N과M(1).swift */,
				0628A1BD29BA278A002A2709 /* 15650_N과M(2).swift */,
			);
			path = "DFS&BFS";
			sourceTree = "<group>";
		};
		06EB47282917CAAD009804E1 /* Implementation */ = {
			isa = PBXGroup;
			children = (
				06EB47382917CAD8009804E1 /* 2108_통계학.swift */,
			);
			path = Implementation;
			sourceTree = "<group>";
		};
		06EB47472917D587009804E1 /* BOJ */ = {
			isa = PBXGroup;
			children = (
				06EB471D2917CA9B009804E1 /* DFS&BFS */,
				06B527E729195DED00ACFB0D /* Backtracking */,
				06EB47282917CAAD009804E1 /* Implementation */,
				06365E79291CB76600CF1D3C /* DP */,
				06227ACB293E512C00525F8A /* Divide_and_Conquer */,
			);
			path = BOJ;
			sourceTree = "<group>";
		};
/* End PBXGroup section */

/* Begin PBXNativeTarget section */
		06365E77291CB76600CF1D3C /* DP */ = {
			isa = PBXNativeTarget;
			buildConfigurationList = 06365E7E291CB76600CF1D3C /* Build configuration list for PBXNativeTarget "DP" */;
			buildPhases = (
				06365E74291CB76600CF1D3C /* Sources */,
				06365E75291CB76600CF1D3C /* Frameworks */,
				06365E76291CB76600CF1D3C /* CopyFiles */,
			);
			buildRules = (
			);
			dependencies = (
			);
			name = DP;
			productName = DP;
			productReference = 06365E78291CB76600CF1D3C /* DP */;
			productType = "com.apple.product-type.tool";
		};
		066019F7294F6DD0000128C0 /* Programmers */ = {
			isa = PBXNativeTarget;
			buildConfigurationList = 066019FE294F6DD0000128C0 /* Build configuration list for PBXNativeTarget "Programmers" */;
			buildPhases = (
				066019F4294F6DD0000128C0 /* Sources */,
				066019F5294F6DD0000128C0 /* Frameworks */,
				066019F6294F6DD0000128C0 /* CopyFiles */,
			);
			buildRules = (
			);
			dependencies = (
			);
			name = Programmers;
			productName = Programmers;
			productReference = 066019F8294F6DD0000128C0 /* Programmers */;
			productType = "com.apple.product-type.tool";
		};
		06B527E529195DED00ACFB0D /* Backtracking */ = {
			isa = PBXNativeTarget;
			buildConfigurationList = 06B527EC29195DED00ACFB0D /* Build configuration list for PBXNativeTarget "Backtracking" */;
			buildPhases = (
				06B527E229195DED00ACFB0D /* Sources */,
				06B527E329195DED00ACFB0D /* Frameworks */,
				06B527E429195DED00ACFB0D /* CopyFiles */,
			);
			buildRules = (
			);
			dependencies = (
			);
			name = Backtracking;
			productName = Backtracking;
			productReference = 06B527E629195DED00ACFB0D /* Backtracking */;
			productType = "com.apple.product-type.tool";
		};
		06EB470D2917CA8A009804E1 /* Algorithm */ = {
			isa = PBXNativeTarget;
			buildConfigurationList = 06EB47152917CA8A009804E1 /* Build configuration list for PBXNativeTarget "Algorithm" */;
			buildPhases = (
				06EB470A2917CA8A009804E1 /* Sources */,
				06EB470B2917CA8A009804E1 /* Frameworks */,
				06EB470C2917CA8A009804E1 /* CopyFiles */,
			);
			buildRules = (
			);
			dependencies = (
			);
			name = Algorithm;
			productName = Algorithm;
			productReference = 06EB470E2917CA8A009804E1 /* Algorithm */;
			productType = "com.apple.product-type.tool";
		};
		06EB471B2917CA9B009804E1 /* DFS&BFS */ = {
			isa = PBXNativeTarget;
			buildConfigurationList = 06EB47202917CA9B009804E1 /* Build configuration list for PBXNativeTarget "DFS&BFS" */;
			buildPhases = (
				06EB47182917CA9B009804E1 /* Sources */,
				06EB47192917CA9B009804E1 /* Frameworks */,
				06EB471A2917CA9B009804E1 /* CopyFiles */,
			);
			buildRules = (
			);
			dependencies = (
			);
			name = "DFS&BFS";
			productName = "DFS&BFS";
			productReference = 06EB471C2917CA9B009804E1 /* DFS&BFS */;
			productType = "com.apple.product-type.tool";
		};
		06EB47262917CAAD009804E1 /* Implementation */ = {
			isa = PBXNativeTarget;
			buildConfigurationList = 06EB472B2917CAAD009804E1 /* Build configuration list for PBXNativeTarget "Implementation" */;
			buildPhases = (
				06EB47232917CAAD009804E1 /* Sources */,
				06EB47242917CAAD009804E1 /* Frameworks */,
				06EB47252917CAAD009804E1 /* CopyFiles */,
			);
			buildRules = (
			);
			dependencies = (
			);
			name = Implementation;
			productName = Implementation;
			productReference = 06EB47272917CAAD009804E1 /* Implementation */;
			productType = "com.apple.product-type.tool";
		};
/* End PBXNativeTarget section */

/* Begin PBXProject section */
		06EB47062917CA8A009804E1 /* Project object */ = {
			isa = PBXProject;
			attributes = {
				BuildIndependentTargetsInParallel = 1;
				LastSwiftUpdateCheck = 1410;
				LastUpgradeCheck = 1410;
				TargetAttributes = {
					06365E77291CB76600CF1D3C = {
						CreatedOnToolsVersion = 14.1;
					};
					066019F7294F6DD0000128C0 = {
						CreatedOnToolsVersion = 14.1;
					};
					06B527E529195DED00ACFB0D = {
						CreatedOnToolsVersion = 14.1;
					};
					06EB470D2917CA8A009804E1 = {
						CreatedOnToolsVersion = 14.1;
					};
					06EB471B2917CA9B009804E1 = {
						CreatedOnToolsVersion = 14.1;
						LastSwiftMigration = 1410;
					};
					06EB47262917CAAD009804E1 = {
						CreatedOnToolsVersion = 14.1;
					};
				};
			};
			buildConfigurationList = 06EB47092917CA8A009804E1 /* Build configuration list for PBXProject "Algorithm" */;
			compatibilityVersion = "Xcode 14.0";
			developmentRegion = en;
			hasScannedForEncodings = 0;
			knownRegions = (
				en,
				Base,
			);
			mainGroup = 06EB47052917CA8A009804E1;
			productRefGroup = 06EB470F2917CA8A009804E1 /* Products */;
			projectDirPath = "";
			projectRoot = "";
			targets = (
				06EB470D2917CA8A009804E1 /* Algorithm */,
				06EB471B2917CA9B009804E1 /* DFS&BFS */,
				06EB47262917CAAD009804E1 /* Implementation */,
				06B527E529195DED00ACFB0D /* Backtracking */,
				06365E77291CB76600CF1D3C /* DP */,
				066019F7294F6DD0000128C0 /* Programmers */,
			);
		};
/* End PBXProject section */

/* Begin PBXSourcesBuildPhase section */
		06365E74291CB76600CF1D3C /* Sources */ = {
			isa = PBXSourcesBuildPhase;
			buildActionMask = 2147483647;
			files = (
				06365E80291CB7D000CF1D3C /* 2293_동전1.swift in Sources */,
				061510FB292A86380046A13C /* 1699_제곱수의합.swift in Sources */,
			);
			runOnlyForDeploymentPostprocessing = 0;
		};
		066019F4294F6DD0000128C0 /* Sources */ = {
			isa = PBXSourcesBuildPhase;
			buildActionMask = 2147483647;
			files = (
				06601A01294F6DF9000128C0 /* 2020 BLIND 1번.swift in Sources */,
			);
			runOnlyForDeploymentPostprocessing = 0;
		};
		06B527E229195DED00ACFB0D /* Sources */ = {
			isa = PBXSourcesBuildPhase;
			buildActionMask = 2147483647;
			files = (
				06B527EE29195E7300ACFB0D /* 1759_암호만들기.swift in Sources */,
			);
			runOnlyForDeploymentPostprocessing = 0;
		};
		06EB470A2917CA8A009804E1 /* Sources */ = {
			isa = PBXSourcesBuildPhase;
			buildActionMask = 2147483647;
			files = (
				06EB47122917CA8A009804E1 /* main.swift in Sources */,
				06227ACD293E518E00525F8A /* 2447_별찍기10.swift in Sources */,
			);
			runOnlyForDeploymentPostprocessing = 0;
		};
		06EB47182917CA9B009804E1 /* Sources */ = {
			isa = PBXSourcesBuildPhase;
			buildActionMask = 2147483647;
			files = (
				06EB47412917CCA2009804E1 /* 10026_적록색약.swift in Sources */,
				06EB47452917D24D009804E1 /* 2178_미로탐색.swift in Sources */,
				0628A1AB29B7691F002A2709 /* 1012_유기농배추.swift in Sources */,
				0628A1BC29BA26A7002A2709 /* 15649_N과M(1).swift in Sources */,
				0628A1BE29BA278A002A2709 /* 15650_N과M(2).swift in Sources */,
				06EB473F2917CC8B009804E1 /* 2583_영역구하기.swift in Sources */,
				061510F92929420E0046A13C /* 13023_ABCDE.swift in Sources */,
				06EB47492917FE42009804E1 /* 16234_인구이동.swift in Sources */,
				06EB47432917CCCD009804E1 /* 7569_토마토.swift in Sources */,
				0628A1A929B76760002A2709 /* 2606_바이러스.swift in Sources */,
			);
			runOnlyForDeploymentPostprocessing = 0;
		};
		06EB47232917CAAD009804E1 /* Sources */ = {
			isa = PBXSourcesBuildPhase;
			buildActionMask = 2147483647;
			files = (
				06EB47392917CAD8009804E1 /* 2108_통계학.swift in Sources */,
			);
			runOnlyForDeploymentPostprocessing = 0;
		};
/* End PBXSourcesBuildPhase section */

/* Begin XCBuildConfiguration section */
		06365E7C291CB76600CF1D3C /* Debug */ = {
			isa = XCBuildConfiguration;
			buildSettings = {
				CODE_SIGN_STYLE = Automatic;
				PRODUCT_NAME = "$(TARGET_NAME)";
				SWIFT_VERSION = 5.0;
			};
			name = Debug;
		};
		06365E7D291CB76600CF1D3C /* Release */ = {
			isa = XCBuildConfiguration;
			buildSettings = {
				CODE_SIGN_STYLE = Automatic;
				PRODUCT_NAME = "$(TARGET_NAME)";
				SWIFT_VERSION = 5.0;
			};
			name = Release;
		};
		066019FC294F6DD0000128C0 /* Debug */ = {
			isa = XCBuildConfiguration;
			buildSettings = {
				CODE_SIGN_STYLE = Automatic;
				PRODUCT_NAME = "$(TARGET_NAME)";
				SWIFT_VERSION = 5.0;
			};
			name = Debug;
		};
		066019FD294F6DD0000128C0 /* Release */ = {
			isa = XCBuildConfiguration;
			buildSettings = {
				CODE_SIGN_STYLE = Automatic;
				PRODUCT_NAME = "$(TARGET_NAME)";
				SWIFT_VERSION = 5.0;
			};
			name = Release;
		};
		06B527EA29195DED00ACFB0D /* Debug */ = {
			isa = XCBuildConfiguration;
			buildSettings = {
				CODE_SIGN_STYLE = Automatic;
				PRODUCT_NAME = "$(TARGET_NAME)";
				SWIFT_VERSION = 5.0;
			};
			name = Debug;
		};
		06B527EB29195DED00ACFB0D /* Release */ = {
			isa = XCBuildConfiguration;
			buildSettings = {
				CODE_SIGN_STYLE = Automatic;
				PRODUCT_NAME = "$(TARGET_NAME)";
				SWIFT_VERSION = 5.0;
			};
			name = Release;
		};
		06EB47132917CA8A009804E1 /* Debug */ = {
			isa = XCBuildConfiguration;
			buildSettings = {
				ALWAYS_SEARCH_USER_PATHS = NO;
				CLANG_ANALYZER_NONNULL = YES;
				CLANG_ANALYZER_NUMBER_OBJECT_CONVERSION = YES_AGGRESSIVE;
				CLANG_CXX_LANGUAGE_STANDARD = "gnu++20";
				CLANG_ENABLE_MODULES = YES;
				CLANG_ENABLE_OBJC_ARC = YES;
				CLANG_ENABLE_OBJC_WEAK = YES;
				CLANG_WARN_BLOCK_CAPTURE_AUTORELEASING = YES;
				CLANG_WARN_BOOL_CONVERSION = YES;
				CLANG_WARN_COMMA = YES;
				CLANG_WARN_CONSTANT_CONVERSION = YES;
				CLANG_WARN_DEPRECATED_OBJC_IMPLEMENTATIONS = YES;
				CLANG_WARN_DIRECT_OBJC_ISA_USAGE = YES_ERROR;
				CLANG_WARN_DOCUMENTATION_COMMENTS = YES;
				CLANG_WARN_EMPTY_BODY = YES;
				CLANG_WARN_ENUM_CONVERSION = YES;
				CLANG_WARN_INFINITE_RECURSION = YES;
				CLANG_WARN_INT_CONVERSION = YES;
				CLANG_WARN_NON_LITERAL_NULL_CONVERSION = YES;
				CLANG_WARN_OBJC_IMPLICIT_RETAIN_SELF = YES;
				CLANG_WARN_OBJC_LITERAL_CONVERSION = YES;
				CLANG_WARN_OBJC_ROOT_CLASS = YES_ERROR;
				CLANG_WARN_QUOTED_INCLUDE_IN_FRAMEWORK_HEADER = YES;
				CLANG_WARN_RANGE_LOOP_ANALYSIS = YES;
				CLANG_WARN_STRICT_PROTOTYPES = YES;
				CLANG_WARN_SUSPICIOUS_MOVE = YES;
				CLANG_WARN_UNGUARDED_AVAILABILITY = YES_AGGRESSIVE;
				CLANG_WARN_UNREACHABLE_CODE = YES;
				CLANG_WARN__DUPLICATE_METHOD_MATCH = YES;
				COPY_PHASE_STRIP = NO;
				DEBUG_INFORMATION_FORMAT = dwarf;
				ENABLE_STRICT_OBJC_MSGSEND = YES;
				ENABLE_TESTABILITY = YES;
				GCC_C_LANGUAGE_STANDARD = gnu11;
				GCC_DYNAMIC_NO_PIC = NO;
				GCC_NO_COMMON_BLOCKS = YES;
				GCC_OPTIMIZATION_LEVEL = 0;
				GCC_PREPROCESSOR_DEFINITIONS = (
					"DEBUG=1",
					"$(inherited)",
				);
				GCC_WARN_64_TO_32_BIT_CONVERSION = YES;
				GCC_WARN_ABOUT_RETURN_TYPE = YES_ERROR;
				GCC_WARN_UNDECLARED_SELECTOR = YES;
				GCC_WARN_UNINITIALIZED_AUTOS = YES_AGGRESSIVE;
				GCC_WARN_UNUSED_FUNCTION = YES;
				GCC_WARN_UNUSED_VARIABLE = YES;
				MACOSX_DEPLOYMENT_TARGET = 13.0;
				MTL_ENABLE_DEBUG_INFO = INCLUDE_SOURCE;
				MTL_FAST_MATH = YES;
				ONLY_ACTIVE_ARCH = YES;
				SDKROOT = macosx;
				SWIFT_ACTIVE_COMPILATION_CONDITIONS = DEBUG;
				SWIFT_OPTIMIZATION_LEVEL = "-Onone";
			};
			name = Debug;
		};
		06EB47142917CA8A009804E1 /* Release */ = {
			isa = XCBuildConfiguration;
			buildSettings = {
				ALWAYS_SEARCH_USER_PATHS = NO;
				CLANG_ANALYZER_NONNULL = YES;
				CLANG_ANALYZER_NUMBER_OBJECT_CONVERSION = YES_AGGRESSIVE;
				CLANG_CXX_LANGUAGE_STANDARD = "gnu++20";
				CLANG_ENABLE_MODULES = YES;
				CLANG_ENABLE_OBJC_ARC = YES;
				CLANG_ENABLE_OBJC_WEAK = YES;
				CLANG_WARN_BLOCK_CAPTURE_AUTORELEASING = YES;
				CLANG_WARN_BOOL_CONVERSION = YES;
				CLANG_WARN_COMMA = YES;
				CLANG_WARN_CONSTANT_CONVERSION = YES;
				CLANG_WARN_DEPRECATED_OBJC_IMPLEMENTATIONS = YES;
				CLANG_WARN_DIRECT_OBJC_ISA_USAGE = YES_ERROR;
				CLANG_WARN_DOCUMENTATION_COMMENTS = YES;
				CLANG_WARN_EMPTY_BODY = YES;
				CLANG_WARN_ENUM_CONVERSION = YES;
				CLANG_WARN_INFINITE_RECURSION = YES;
				CLANG_WARN_INT_CONVERSION = YES;
				CLANG_WARN_NON_LITERAL_NULL_CONVERSION = YES;
				CLANG_WARN_OBJC_IMPLICIT_RETAIN_SELF = YES;
				CLANG_WARN_OBJC_LITERAL_CONVERSION = YES;
				CLANG_WARN_OBJC_ROOT_CLASS = YES_ERROR;
				CLANG_WARN_QUOTED_INCLUDE_IN_FRAMEWORK_HEADER = YES;
				CLANG_WARN_RANGE_LOOP_ANALYSIS = YES;
				CLANG_WARN_STRICT_PROTOTYPES = YES;
				CLANG_WARN_SUSPICIOUS_MOVE = YES;
				CLANG_WARN_UNGUARDED_AVAILABILITY = YES_AGGRESSIVE;
				CLANG_WARN_UNREACHABLE_CODE = YES;
				CLANG_WARN__DUPLICATE_METHOD_MATCH = YES;
				COPY_PHASE_STRIP = NO;
				DEBUG_INFORMATION_FORMAT = "dwarf-with-dsym";
				ENABLE_NS_ASSERTIONS = NO;
				ENABLE_STRICT_OBJC_MSGSEND = YES;
				GCC_C_LANGUAGE_STANDARD = gnu11;
				GCC_NO_COMMON_BLOCKS = YES;
				GCC_WARN_64_TO_32_BIT_CONVERSION = YES;
				GCC_WARN_ABOUT_RETURN_TYPE = YES_ERROR;
				GCC_WARN_UNDECLARED_SELECTOR = YES;
				GCC_WARN_UNINITIALIZED_AUTOS = YES_AGGRESSIVE;
				GCC_WARN_UNUSED_FUNCTION = YES;
				GCC_WARN_UNUSED_VARIABLE = YES;
				MACOSX_DEPLOYMENT_TARGET = 13.0;
				MTL_ENABLE_DEBUG_INFO = NO;
				MTL_FAST_MATH = YES;
				SDKROOT = macosx;
				SWIFT_COMPILATION_MODE = wholemodule;
				SWIFT_OPTIMIZATION_LEVEL = "-O";
			};
			name = Release;
		};
		06EB47162917CA8A009804E1 /* Debug */ = {
			isa = XCBuildConfiguration;
			buildSettings = {
				CODE_SIGN_STYLE = Automatic;
				PRODUCT_NAME = "$(TARGET_NAME)";
				SWIFT_VERSION = 5.0;
			};
			name = Debug;
		};
		06EB47172917CA8A009804E1 /* Release */ = {
			isa = XCBuildConfiguration;
			buildSettings = {
				CODE_SIGN_STYLE = Automatic;
				PRODUCT_NAME = "$(TARGET_NAME)";
				SWIFT_VERSION = 5.0;
			};
			name = Release;
		};
		06EB47212917CA9B009804E1 /* Debug */ = {
			isa = XCBuildConfiguration;
			buildSettings = {
				CLANG_ENABLE_MODULES = YES;
				CODE_SIGN_STYLE = Automatic;
				LD_RUNPATH_SEARCH_PATHS = (
					"$(inherited)",
					"@executable_path/../Frameworks",
					"@loader_path/../Frameworks",
				);
				PRODUCT_NAME = "$(TARGET_NAME)";
				SWIFT_OPTIMIZATION_LEVEL = "-Onone";
				SWIFT_VERSION = 5.0;
			};
			name = Debug;
		};
		06EB47222917CA9B009804E1 /* Release */ = {
			isa = XCBuildConfiguration;
			buildSettings = {
				CLANG_ENABLE_MODULES = YES;
				CODE_SIGN_STYLE = Automatic;
				LD_RUNPATH_SEARCH_PATHS = (
					"$(inherited)",
					"@executable_path/../Frameworks",
					"@loader_path/../Frameworks",
				);
				PRODUCT_NAME = "$(TARGET_NAME)";
				SWIFT_VERSION = 5.0;
			};
			name = Release;
		};
		06EB472C2917CAAD009804E1 /* Debug */ = {
			isa = XCBuildConfiguration;
			buildSettings = {
				CODE_SIGN_STYLE = Automatic;
				PRODUCT_NAME = "$(TARGET_NAME)";
				SWIFT_VERSION = 5.0;
			};
			name = Debug;
		};
		06EB472D2917CAAD009804E1 /* Release */ = {
			isa = XCBuildConfiguration;
			buildSettings = {
				CODE_SIGN_STYLE = Automatic;
				PRODUCT_NAME = "$(TARGET_NAME)";
				SWIFT_VERSION = 5.0;
			};
			name = Release;
		};
/* End XCBuildConfiguration section */

/* Begin XCConfigurationList section */
		06365E7E291CB76600CF1D3C /* Build configuration list for PBXNativeTarget "DP" */ = {
			isa = XCConfigurationList;
			buildConfigurations = (
				06365E7C291CB76600CF1D3C /* Debug */,
				06365E7D291CB76600CF1D3C /* Release */,
			);
			defaultConfigurationIsVisible = 0;
			defaultConfigurationName = Release;
		};
		066019FE294F6DD0000128C0 /* Build configuration list for PBXNativeTarget "Programmers" */ = {
			isa = XCConfigurationList;
			buildConfigurations = (
				066019FC294F6DD0000128C0 /* Debug */,
				066019FD294F6DD0000128C0 /* Release */,
			);
			defaultConfigurationIsVisible = 0;
			defaultConfigurationName = Release;
		};
		06B527EC29195DED00ACFB0D /* Build configuration list for PBXNativeTarget "Backtracking" */ = {
			isa = XCConfigurationList;
			buildConfigurations = (
				06B527EA29195DED00ACFB0D /* Debug */,
				06B527EB29195DED00ACFB0D /* Release */,
			);
			defaultConfigurationIsVisible = 0;
			defaultConfigurationName = Release;
		};
		06EB47092917CA8A009804E1 /* Build configuration list for PBXProject "Algorithm" */ = {
			isa = XCConfigurationList;
			buildConfigurations = (
				06EB47132917CA8A009804E1 /* Debug */,
				06EB47142917CA8A009804E1 /* Release */,
			);
			defaultConfigurationIsVisible = 0;
			defaultConfigurationName = Release;
		};
		06EB47152917CA8A009804E1 /* Build configuration list for PBXNativeTarget "Algorithm" */ = {
			isa = XCConfigurationList;
			buildConfigurations = (
				06EB47162917CA8A009804E1 /* Debug */,
				06EB47172917CA8A009804E1 /* Release */,
			);
			defaultConfigurationIsVisible = 0;
			defaultConfigurationName = Release;
		};
		06EB47202917CA9B009804E1 /* Build configuration list for PBXNativeTarget "DFS&BFS" */ = {
			isa = XCConfigurationList;
			buildConfigurations = (
				06EB47212917CA9B009804E1 /* Debug */,
				06EB47222917CA9B009804E1 /* Release */,
			);
			defaultConfigurationIsVisible = 0;
			defaultConfigurationName = Release;
		};
		06EB472B2917CAAD009804E1 /* Build configuration list for PBXNativeTarget "Implementation" */ = {
			isa = XCConfigurationList;
			buildConfigurations = (
				06EB472C2917CAAD009804E1 /* Debug */,
				06EB472D2917CAAD009804E1 /* Release */,
			);
			defaultConfigurationIsVisible = 0;
			defaultConfigurationName = Release;
		};
/* End XCConfigurationList section */
	};
	rootObject = 06EB47062917CA8A009804E1 /* Project object */;
}
