// !$*UTF8*$!
{
	archiveVersion = 1;
	classes = {
	};
	objectVersion = 56;
	objects = {

/* Begin PBXBuildFile section */
		06EB47122917CA8A009804E1 /* main.swift in Sources */ = {isa = PBXBuildFile; fileRef = 06EB47112917CA8A009804E1 /* main.swift */; };
		06EB47342917CAD2009804E1 /* 2178_미로탐색.swift in Sources */ = {isa = PBXBuildFile; fileRef = 06EB472F2917CAD2009804E1 /* 2178_미로탐색.swift */; };
		06EB47352917CAD2009804E1 /* 2583_영역구하기.swift in Sources */ = {isa = PBXBuildFile; fileRef = 06EB47302917CAD2009804E1 /* 2583_영역구하기.swift */; };
		06EB47362917CAD2009804E1 /* 7569_토마토.swift in Sources */ = {isa = PBXBuildFile; fileRef = 06EB47312917CAD2009804E1 /* 7569_토마토.swift */; };
		06EB47372917CAD2009804E1 /* 10026_적록색약.swift in Sources */ = {isa = PBXBuildFile; fileRef = 06EB47322917CAD2009804E1 /* 10026_적록색약.swift */; };
		06EB47392917CAD8009804E1 /* 2108_통계학.swift in Sources */ = {isa = PBXBuildFile; fileRef = 06EB47382917CAD8009804E1 /* 2108_통계학.swift */; };
/* End PBXBuildFile section */

/* Begin PBXCopyFilesBuildPhase section */
		06EB470C2917CA8A009804E1 /* CopyFiles */ = {
			isa = PBXCopyFilesBuildPhase;
			buildActionMask = 2147483647;
			dstPath = /usr/share/man/man1/;
			dstSubfolderSpec = 0;
			files = (
			);
			runOnlyForDeploymentPostprocessing = 1;
		};
		06EB471A2917CA9B009804E1 /* CopyFiles */ = {
			isa = PBXCopyFilesBuildPhase;
			buildActionMask = 2147483647;
			dstPath = /usr/share/man/man1/;
			dstSubfolderSpec = 0;
			files = (
			);
			runOnlyForDeploymentPostprocessing = 1;
		};
		06EB47252917CAAD009804E1 /* CopyFiles */ = {
			isa = PBXCopyFilesBuildPhase;
			buildActionMask = 2147483647;
			dstPath = /usr/share/man/man1/;
			dstSubfolderSpec = 0;
			files = (
			);
			runOnlyForDeploymentPostprocessing = 1;
		};
/* End PBXCopyFilesBuildPhase section */

/* Begin PBXFileReference section */
		06EB470E2917CA8A009804E1 /* Algorithm */ = {isa = PBXFileReference; explicitFileType = "compiled.mach-o.executable"; includeInIndex = 0; path = Algorithm; sourceTree = BUILT_PRODUCTS_DIR; };
		06EB47112917CA8A009804E1 /* main.swift */ = {isa = PBXFileReference; lastKnownFileType = sourcecode.swift; path = main.swift; sourceTree = "<group>"; };
		06EB471C2917CA9B009804E1 /* DFS&BFS */ = {isa = PBXFileReference; explicitFileType = "compiled.mach-o.executable"; includeInIndex = 0; path = "DFS&BFS"; sourceTree = BUILT_PRODUCTS_DIR; };
		06EB47272917CAAD009804E1 /* Implementation */ = {isa = PBXFileReference; explicitFileType = "compiled.mach-o.executable"; includeInIndex = 0; path = Implementation; sourceTree = BUILT_PRODUCTS_DIR; };
		06EB472F2917CAD2009804E1 /* 2178_미로탐색.swift */ = {isa = PBXFileReference; fileEncoding = 4; lastKnownFileType = sourcecode.swift; name = "2178_미로탐색.swift"; path = "../../../무제 폴더/DFS&BFS/2178_미로탐색.swift"; sourceTree = "<group>"; };
		06EB47302917CAD2009804E1 /* 2583_영역구하기.swift */ = {isa = PBXFileReference; fileEncoding = 4; lastKnownFileType = sourcecode.swift; name = "2583_영역구하기.swift"; path = "../../../무제 폴더/DFS&BFS/2583_영역구하기.swift"; sourceTree = "<group>"; };
		06EB47312917CAD2009804E1 /* 7569_토마토.swift */ = {isa = PBXFileReference; fileEncoding = 4; lastKnownFileType = sourcecode.swift; name = "7569_토마토.swift"; path = "../../../무제 폴더/DFS&BFS/7569_토마토.swift"; sourceTree = "<group>"; };
		06EB47322917CAD2009804E1 /* 10026_적록색약.swift */ = {isa = PBXFileReference; fileEncoding = 4; lastKnownFileType = sourcecode.swift; name = "10026_적록색약.swift"; path = "../../../무제 폴더/DFS&BFS/10026_적록색약.swift"; sourceTree = "<group>"; };
		06EB47382917CAD8009804E1 /* 2108_통계학.swift */ = {isa = PBXFileReference; lastKnownFileType = sourcecode.swift; path = "2108_통계학.swift"; sourceTree = "<group>"; };
/* End PBXFileReference section */

/* Begin PBXFrameworksBuildPhase section */
		06EB470B2917CA8A009804E1 /* Frameworks */ = {
			isa = PBXFrameworksBuildPhase;
			buildActionMask = 2147483647;
			files = (
			);
			runOnlyForDeploymentPostprocessing = 0;
		};
		06EB47192917CA9B009804E1 /* Frameworks */ = {
			isa = PBXFrameworksBuildPhase;
			buildActionMask = 2147483647;
			files = (
			);
			runOnlyForDeploymentPostprocessing = 0;
		};
		06EB47242917CAAD009804E1 /* Frameworks */ = {
			isa = PBXFrameworksBuildPhase;
			buildActionMask = 2147483647;
			files = (
			);
			runOnlyForDeploymentPostprocessing = 0;
		};
/* End PBXFrameworksBuildPhase section */

/* Begin PBXGroup section */
		06EB47052917CA8A009804E1 = {
			isa = PBXGroup;
			children = (
				06EB47102917CA8A009804E1 /* Algorithm */,
				06EB471D2917CA9B009804E1 /* DFS&BFS */,
				06EB47282917CAAD009804E1 /* Implementation */,
				06EB470F2917CA8A009804E1 /* Products */,
			);
			sourceTree = "<group>";
		};
		06EB470F2917CA8A009804E1 /* Products */ = {
			isa = PBXGroup;
			children = (
				06EB470E2917CA8A009804E1 /* Algorithm */,
				06EB471C2917CA9B009804E1 /* DFS&BFS */,
				06EB47272917CAAD009804E1 /* Implementation */,
			);
			name = Products;
			sourceTree = "<group>";
		};
		06EB47102917CA8A009804E1 /* Algorithm */ = {
			isa = PBXGroup;
			children = (
				06EB47112917CA8A009804E1 /* main.swift */,
			);
			path = Algorithm;
			sourceTree = "<group>";
		};
		06EB471D2917CA9B009804E1 /* DFS&BFS */ = {
			isa = PBXGroup;
			children = (
				06EB472F2917CAD2009804E1 /* 2178_미로탐색.swift */,
				06EB47302917CAD2009804E1 /* 2583_영역구하기.swift */,
				06EB47312917CAD2009804E1 /* 7569_토마토.swift */,
				06EB47322917CAD2009804E1 /* 10026_적록색약.swift */,
			);
			path = "DFS&BFS";
			sourceTree = "<group>";
		};
		06EB47282917CAAD009804E1 /* Implementation */ = {
			isa = PBXGroup;
			children = (
				06EB47382917CAD8009804E1 /* 2108_통계학.swift */,
			);
			path = Implementation;
			sourceTree = "<group>";
		};
/* End PBXGroup section */

/* Begin PBXNativeTarget section */
		06EB470D2917CA8A009804E1 /* Algorithm */ = {
			isa = PBXNativeTarget;
			buildConfigurationList = 06EB47152917CA8A009804E1 /* Build configuration list for PBXNativeTarget "Algorithm" */;
			buildPhases = (
				06EB470A2917CA8A009804E1 /* Sources */,
				06EB470B2917CA8A009804E1 /* Frameworks */,
				06EB470C2917CA8A009804E1 /* CopyFiles */,
			);
			buildRules = (
			);
			dependencies = (
			);
			name = Algorithm;
			productName = Algorithm;
			productReference = 06EB470E2917CA8A009804E1 /* Algorithm */;
			productType = "com.apple.product-type.tool";
		};
		06EB471B2917CA9B009804E1 /* DFS&BFS */ = {
			isa = PBXNativeTarget;
			buildConfigurationList = 06EB47202917CA9B009804E1 /* Build configuration list for PBXNativeTarget "DFS&BFS" */;
			buildPhases = (
				06EB47182917CA9B009804E1 /* Sources */,
				06EB47192917CA9B009804E1 /* Frameworks */,
				06EB471A2917CA9B009804E1 /* CopyFiles */,
			);
			buildRules = (
			);
			dependencies = (
			);
			name = "DFS&BFS";
			productName = "DFS&BFS";
			productReference = 06EB471C2917CA9B009804E1 /* DFS&BFS */;
			productType = "com.apple.product-type.tool";
		};
		06EB47262917CAAD009804E1 /* Implementation */ = {
			isa = PBXNativeTarget;
			buildConfigurationList = 06EB472B2917CAAD009804E1 /* Build configuration list for PBXNativeTarget "Implementation" */;
			buildPhases = (
				06EB47232917CAAD009804E1 /* Sources */,
				06EB47242917CAAD009804E1 /* Frameworks */,
				06EB47252917CAAD009804E1 /* CopyFiles */,
			);
			buildRules = (
			);
			dependencies = (
			);
			name = Implementation;
			productName = Implementation;
			productReference = 06EB47272917CAAD009804E1 /* Implementation */;
			productType = "com.apple.product-type.tool";
		};
/* End PBXNativeTarget section */

/* Begin PBXProject section */
		06EB47062917CA8A009804E1 /* Project object */ = {
			isa = PBXProject;
			attributes = {
				BuildIndependentTargetsInParallel = 1;
				LastSwiftUpdateCheck = 1410;
				LastUpgradeCheck = 1410;
				TargetAttributes = {
					06EB470D2917CA8A009804E1 = {
						CreatedOnToolsVersion = 14.1;
					};
					06EB471B2917CA9B009804E1 = {
						CreatedOnToolsVersion = 14.1;
					};
					06EB47262917CAAD009804E1 = {
						CreatedOnToolsVersion = 14.1;
					};
				};
			};
			buildConfigurationList = 06EB47092917CA8A009804E1 /* Build configuration list for PBXProject "Algorithm" */;
			compatibilityVersion = "Xcode 14.0";
			developmentRegion = en;
			hasScannedForEncodings = 0;
			knownRegions = (
				en,
				Base,
			);
			mainGroup = 06EB47052917CA8A009804E1;
			productRefGroup = 06EB470F2917CA8A009804E1 /* Products */;
			projectDirPath = "";
			projectRoot = "";
			targets = (
				06EB470D2917CA8A009804E1 /* Algorithm */,
				06EB471B2917CA9B009804E1 /* DFS&BFS */,
				06EB47262917CAAD009804E1 /* Implementation */,
			);
		};
/* End PBXProject section */

/* Begin PBXSourcesBuildPhase section */
		06EB470A2917CA8A009804E1 /* Sources */ = {
			isa = PBXSourcesBuildPhase;
			buildActionMask = 2147483647;
			files = (
				06EB47122917CA8A009804E1 /* main.swift in Sources */,
			);
			runOnlyForDeploymentPostprocessing = 0;
		};
		06EB47182917CA9B009804E1 /* Sources */ = {
			isa = PBXSourcesBuildPhase;
			buildActionMask = 2147483647;
			files = (
				06EB47372917CAD2009804E1 /* 10026_적록색약.swift in Sources */,
				06EB47352917CAD2009804E1 /* 2583_영역구하기.swift in Sources */,
				06EB47342917CAD2009804E1 /* 2178_미로탐색.swift in Sources */,
				06EB47362917CAD2009804E1 /* 7569_토마토.swift in Sources */,
			);
			runOnlyForDeploymentPostprocessing = 0;
		};
		06EB47232917CAAD009804E1 /* Sources */ = {
			isa = PBXSourcesBuildPhase;
			buildActionMask = 2147483647;
			files = (
				06EB47392917CAD8009804E1 /* 2108_통계학.swift in Sources */,
			);
			runOnlyForDeploymentPostprocessing = 0;
		};
/* End PBXSourcesBuildPhase section */

/* Begin XCBuildConfiguration section */
		06EB47132917CA8A009804E1 /* Debug */ = {
			isa = XCBuildConfiguration;
			buildSettings = {
				ALWAYS_SEARCH_USER_PATHS = NO;
				CLANG_ANALYZER_NONNULL = YES;
				CLANG_ANALYZER_NUMBER_OBJECT_CONVERSION = YES_AGGRESSIVE;
				CLANG_CXX_LANGUAGE_STANDARD = "gnu++20";
				CLANG_ENABLE_MODULES = YES;
				CLANG_ENABLE_OBJC_ARC = YES;
				CLANG_ENABLE_OBJC_WEAK = YES;
				CLANG_WARN_BLOCK_CAPTURE_AUTORELEASING = YES;
				CLANG_WARN_BOOL_CONVERSION = YES;
				CLANG_WARN_COMMA = YES;
				CLANG_WARN_CONSTANT_CONVERSION = YES;
				CLANG_WARN_DEPRECATED_OBJC_IMPLEMENTATIONS = YES;
				CLANG_WARN_DIRECT_OBJC_ISA_USAGE = YES_ERROR;
				CLANG_WARN_DOCUMENTATION_COMMENTS = YES;
				CLANG_WARN_EMPTY_BODY = YES;
				CLANG_WARN_ENUM_CONVERSION = YES;
				CLANG_WARN_INFINITE_RECURSION = YES;
				CLANG_WARN_INT_CONVERSION = YES;
				CLANG_WARN_NON_LITERAL_NULL_CONVERSION = YES;
				CLANG_WARN_OBJC_IMPLICIT_RETAIN_SELF = YES;
				CLANG_WARN_OBJC_LITERAL_CONVERSION = YES;
				CLANG_WARN_OBJC_ROOT_CLASS = YES_ERROR;
				CLANG_WARN_QUOTED_INCLUDE_IN_FRAMEWORK_HEADER = YES;
				CLANG_WARN_RANGE_LOOP_ANALYSIS = YES;
				CLANG_WARN_STRICT_PROTOTYPES = YES;
				CLANG_WARN_SUSPICIOUS_MOVE = YES;
				CLANG_WARN_UNGUARDED_AVAILABILITY = YES_AGGRESSIVE;
				CLANG_WARN_UNREACHABLE_CODE = YES;
				CLANG_WARN__DUPLICATE_METHOD_MATCH = YES;
				COPY_PHASE_STRIP = NO;
				DEBUG_INFORMATION_FORMAT = dwarf;
				ENABLE_STRICT_OBJC_MSGSEND = YES;
				ENABLE_TESTABILITY = YES;
				GCC_C_LANGUAGE_STANDARD = gnu11;
				GCC_DYNAMIC_NO_PIC = NO;
				GCC_NO_COMMON_BLOCKS = YES;
				GCC_OPTIMIZATION_LEVEL = 0;
				GCC_PREPROCESSOR_DEFINITIONS = (
					"DEBUG=1",
					"$(inherited)",
				);
				GCC_WARN_64_TO_32_BIT_CONVERSION = YES;
				GCC_WARN_ABOUT_RETURN_TYPE = YES_ERROR;
				GCC_WARN_UNDECLARED_SELECTOR = YES;
				GCC_WARN_UNINITIALIZED_AUTOS = YES_AGGRESSIVE;
				GCC_WARN_UNUSED_FUNCTION = YES;
				GCC_WARN_UNUSED_VARIABLE = YES;
				MACOSX_DEPLOYMENT_TARGET = 13.0;
				MTL_ENABLE_DEBUG_INFO = INCLUDE_SOURCE;
				MTL_FAST_MATH = YES;
				ONLY_ACTIVE_ARCH = YES;
				SDKROOT = macosx;
				SWIFT_ACTIVE_COMPILATION_CONDITIONS = DEBUG;
				SWIFT_OPTIMIZATION_LEVEL = "-Onone";
			};
			name = Debug;
		};
		06EB47142917CA8A009804E1 /* Release */ = {
			isa = XCBuildConfiguration;
			buildSettings = {
				ALWAYS_SEARCH_USER_PATHS = NO;
				CLANG_ANALYZER_NONNULL = YES;
				CLANG_ANALYZER_NUMBER_OBJECT_CONVERSION = YES_AGGRESSIVE;
				CLANG_CXX_LANGUAGE_STANDARD = "gnu++20";
				CLANG_ENABLE_MODULES = YES;
				CLANG_ENABLE_OBJC_ARC = YES;
				CLANG_ENABLE_OBJC_WEAK = YES;
				CLANG_WARN_BLOCK_CAPTURE_AUTORELEASING = YES;
				CLANG_WARN_BOOL_CONVERSION = YES;
				CLANG_WARN_COMMA = YES;
				CLANG_WARN_CONSTANT_CONVERSION = YES;
				CLANG_WARN_DEPRECATED_OBJC_IMPLEMENTATIONS = YES;
				CLANG_WARN_DIRECT_OBJC_ISA_USAGE = YES_ERROR;
				CLANG_WARN_DOCUMENTATION_COMMENTS = YES;
				CLANG_WARN_EMPTY_BODY = YES;
				CLANG_WARN_ENUM_CONVERSION = YES;
				CLANG_WARN_INFINITE_RECURSION = YES;
				CLANG_WARN_INT_CONVERSION = YES;
				CLANG_WARN_NON_LITERAL_NULL_CONVERSION = YES;
				CLANG_WARN_OBJC_IMPLICIT_RETAIN_SELF = YES;
				CLANG_WARN_OBJC_LITERAL_CONVERSION = YES;
				CLANG_WARN_OBJC_ROOT_CLASS = YES_ERROR;
				CLANG_WARN_QUOTED_INCLUDE_IN_FRAMEWORK_HEADER = YES;
				CLANG_WARN_RANGE_LOOP_ANALYSIS = YES;
				CLANG_WARN_STRICT_PROTOTYPES = YES;
				CLANG_WARN_SUSPICIOUS_MOVE = YES;
				CLANG_WARN_UNGUARDED_AVAILABILITY = YES_AGGRESSIVE;
				CLANG_WARN_UNREACHABLE_CODE = YES;
				CLANG_WARN__DUPLICATE_METHOD_MATCH = YES;
				COPY_PHASE_STRIP = NO;
				DEBUG_INFORMATION_FORMAT = "dwarf-with-dsym";
				ENABLE_NS_ASSERTIONS = NO;
				ENABLE_STRICT_OBJC_MSGSEND = YES;
				GCC_C_LANGUAGE_STANDARD = gnu11;
				GCC_NO_COMMON_BLOCKS = YES;
				GCC_WARN_64_TO_32_BIT_CONVERSION = YES;
				GCC_WARN_ABOUT_RETURN_TYPE = YES_ERROR;
				GCC_WARN_UNDECLARED_SELECTOR = YES;
				GCC_WARN_UNINITIALIZED_AUTOS = YES_AGGRESSIVE;
				GCC_WARN_UNUSED_FUNCTION = YES;
				GCC_WARN_UNUSED_VARIABLE = YES;
				MACOSX_DEPLOYMENT_TARGET = 13.0;
				MTL_ENABLE_DEBUG_INFO = NO;
				MTL_FAST_MATH = YES;
				SDKROOT = macosx;
				SWIFT_COMPILATION_MODE = wholemodule;
				SWIFT_OPTIMIZATION_LEVEL = "-O";
			};
			name = Release;
		};
		06EB47162917CA8A009804E1 /* Debug */ = {
			isa = XCBuildConfiguration;
			buildSettings = {
				CODE_SIGN_STYLE = Automatic;
				PRODUCT_NAME = "$(TARGET_NAME)";
				SWIFT_VERSION = 5.0;
			};
			name = Debug;
		};
		06EB47172917CA8A009804E1 /* Release */ = {
			isa = XCBuildConfiguration;
			buildSettings = {
				CODE_SIGN_STYLE = Automatic;
				PRODUCT_NAME = "$(TARGET_NAME)";
				SWIFT_VERSION = 5.0;
			};
			name = Release;
		};
		06EB47212917CA9B009804E1 /* Debug */ = {
			isa = XCBuildConfiguration;
			buildSettings = {
				CODE_SIGN_STYLE = Automatic;
				PRODUCT_NAME = "$(TARGET_NAME)";
				SWIFT_VERSION = 5.0;
			};
			name = Debug;
		};
		06EB47222917CA9B009804E1 /* Release */ = {
			isa = XCBuildConfiguration;
			buildSettings = {
				CODE_SIGN_STYLE = Automatic;
				PRODUCT_NAME = "$(TARGET_NAME)";
				SWIFT_VERSION = 5.0;
			};
			name = Release;
		};
		06EB472C2917CAAD009804E1 /* Debug */ = {
			isa = XCBuildConfiguration;
			buildSettings = {
				CODE_SIGN_STYLE = Automatic;
				PRODUCT_NAME = "$(TARGET_NAME)";
				SWIFT_VERSION = 5.0;
			};
			name = Debug;
		};
		06EB472D2917CAAD009804E1 /* Release */ = {
			isa = XCBuildConfiguration;
			buildSettings = {
				CODE_SIGN_STYLE = Automatic;
				PRODUCT_NAME = "$(TARGET_NAME)";
				SWIFT_VERSION = 5.0;
			};
			name = Release;
		};
/* End XCBuildConfiguration section */

/* Begin XCConfigurationList section */
		06EB47092917CA8A009804E1 /* Build configuration list for PBXProject "Algorithm" */ = {
			isa = XCConfigurationList;
			buildConfigurations = (
				06EB47132917CA8A009804E1 /* Debug */,
				06EB47142917CA8A009804E1 /* Release */,
			);
			defaultConfigurationIsVisible = 0;
			defaultConfigurationName = Release;
		};
		06EB47152917CA8A009804E1 /* Build configuration list for PBXNativeTarget "Algorithm" */ = {
			isa = XCConfigurationList;
			buildConfigurations = (
				06EB47162917CA8A009804E1 /* Debug */,
				06EB47172917CA8A009804E1 /* Release */,
			);
			defaultConfigurationIsVisible = 0;
			defaultConfigurationName = Release;
		};
		06EB47202917CA9B009804E1 /* Build configuration list for PBXNativeTarget "DFS&BFS" */ = {
			isa = XCConfigurationList;
			buildConfigurations = (
				06EB47212917CA9B009804E1 /* Debug */,
				06EB47222917CA9B009804E1 /* Release */,
			);
			defaultConfigurationIsVisible = 0;
			defaultConfigurationName = Release;
		};
		06EB472B2917CAAD009804E1 /* Build configuration list for PBXNativeTarget "Implementation" */ = {
			isa = XCConfigurationList;
			buildConfigurations = (
				06EB472C2917CAAD009804E1 /* Debug */,
				06EB472D2917CAAD009804E1 /* Release */,
			);
			defaultConfigurationIsVisible = 0;
			defaultConfigurationName = Release;
		};
/* End XCConfigurationList section */
	};
	rootObject = 06EB47062917CA8A009804E1 /* Project object */;
}
